
Microsoft Visual Studio Solution File, Format Version 12.00
# Visual Studio Version 17
VisualStudioVersion = 17.5.33516.290
MinimumVisualStudioVersion = 10.0.40219.1
Project("{FAE04EC0-301F-11D3-BF4B-00C04F79EFBC}") = "ERRONKA7", "ERRONKA7.csproj", "{B1FA5646-EB87-4E5A-89B8-903FF4061B7F}"
EndProject
Global
	GlobalSection(SolutionConfigurationPlatforms) = preSolution
		Debug|Any CPU = Debug|Any CPU
		Release|Any CPU = Release|Any CPU
	EndGlobalSection
	GlobalSection(ProjectConfigurationPlatforms) = postSolution
		{B1FA5646-EB87-4E5A-89B8-903FF4061B7F}.Debug|Any CPU.ActiveCfg = Debug|Any CPU
		{B1FA5646-EB87-4E5A-89B8-903FF4061B7F}.Debug|Any CPU.Build.0 = Debug|Any CPU
		{B1FA5646-EB87-4E5A-89B8-903FF4061B7F}.Release|Any CPU.ActiveCfg = Release|Any CPU
		{B1FA5646-EB87-4E5A-89B8-903FF4061B7F}.Release|Any CPU.Build.0 = Release|Any CPU
	EndGlobalSection
	GlobalSection(SolutionProperties) = preSolution
		HideSolutionNode = FALSE
	EndGlobalSection
	GlobalSection(ExtensibilityGlobals) = postSolution
		SolutionGuid = {2FF34C78-72C9-4CC7-A329-4D8157171DA9}
	EndGlobalSection
EndGlobal
